
Microsoft Visual Studio Solution File, Format Version 12.00
# Visual Studio 15
VisualStudioVersion = 15.0.28307.572
MinimumVisualStudioVersion = 10.0.40219.1
Project("{FAE04EC0-301F-11D3-BF4B-00C04F79EFBC}") = "RedisMq.Web", "src\RedisMq.Web\RedisMq.Web.csproj", "{F5ACC147-6B65-4EBA-B4FA-66D1BFAEEE02}"
EndProject
Project("{FAE04EC0-301F-11D3-BF4B-00C04F79EFBC}") = "RedisMq.Console", "src\RedisMq.Console\RedisMq.Console.csproj", "{9DEBD00F-980B-42E1-A9BD-BB4B96019F9F}"
EndProject
Project("{FAE04EC0-301F-11D3-BF4B-00C04F79EFBC}") = "CSRedisNFX45", "src\CSRedisNFX45\CSRedisNFX45.csproj", "{09CFABC8-2FE2-421C-B850-C0C905FA6A83}"
EndProject
Global
	GlobalSection(SolutionConfigurationPlatforms) = preSolution
		Debug|Any CPU = Debug|Any CPU
		Release|Any CPU = Release|Any CPU
	EndGlobalSection
	GlobalSection(ProjectConfigurationPlatforms) = postSolution
		{F5ACC147-6B65-4EBA-B4FA-66D1BFAEEE02}.Debug|Any CPU.ActiveCfg = Debug|Any CPU
		{F5ACC147-6B65-4EBA-B4FA-66D1BFAEEE02}.Debug|Any CPU.Build.0 = Debug|Any CPU
		{F5ACC147-6B65-4EBA-B4FA-66D1BFAEEE02}.Release|Any CPU.ActiveCfg = Release|Any CPU
		{F5ACC147-6B65-4EBA-B4FA-66D1BFAEEE02}.Release|Any CPU.Build.0 = Release|Any CPU
		{9DEBD00F-980B-42E1-A9BD-BB4B96019F9F}.Debug|Any CPU.ActiveCfg = Debug|Any CPU
		{9DEBD00F-980B-42E1-A9BD-BB4B96019F9F}.Debug|Any CPU.Build.0 = Debug|Any CPU
		{9DEBD00F-980B-42E1-A9BD-BB4B96019F9F}.Release|Any CPU.ActiveCfg = Release|Any CPU
		{9DEBD00F-980B-42E1-A9BD-BB4B96019F9F}.Release|Any CPU.Build.0 = Release|Any CPU
		{09CFABC8-2FE2-421C-B850-C0C905FA6A83}.Debug|Any CPU.ActiveCfg = Debug|Any CPU
		{09CFABC8-2FE2-421C-B850-C0C905FA6A83}.Debug|Any CPU.Build.0 = Debug|Any CPU
		{09CFABC8-2FE2-421C-B850-C0C905FA6A83}.Release|Any CPU.ActiveCfg = Release|Any CPU
		{09CFABC8-2FE2-421C-B850-C0C905FA6A83}.Release|Any CPU.Build.0 = Release|Any CPU
	EndGlobalSection
	GlobalSection(SolutionProperties) = preSolution
		HideSolutionNode = FALSE
	EndGlobalSection
	GlobalSection(ExtensibilityGlobals) = postSolution
		SolutionGuid = {DE19FAAE-BF5C-419A-B5F9-A1F56572E8E9}
	EndGlobalSection
EndGlobal
